
Microsoft Visual Studio Solution File, Format Version 12.00
# Visual Studio Version 17
VisualStudioVersion = 17.10.35004.147
MinimumVisualStudioVersion = 10.0.40219.1
Project("{FAE04EC0-301F-11D3-BF4B-00C04F79EFBC}") = "MetodosCsharp01", "MetodosCsharp\MetodosCsharp01.csproj", "{C6332E75-0E9A-4D64-B54A-9C2B6AEC6B2B}"
EndProject
Project("{FAE04EC0-301F-11D3-BF4B-00C04F79EFBC}") = "MetodosCsharp02", "MetodosCsharp02\MetodosCsharp02.csproj", "{ED95C032-723C-4616-A74F-7D8D1A8CFD26}"
EndProject
Project("{FAE04EC0-301F-11D3-BF4B-00C04F79EFBC}") = "MetodosCsharp03", "MetodosCsharp03\MetodosCsharp03.csproj", "{FC9CBE08-4CB5-46F0-8111-64AA317427A3}"
EndProject
Project("{FAE04EC0-301F-11D3-BF4B-00C04F79EFBC}") = "MetodosCsharp04", "MetodosCsharp04\MetodosCsharp04.csproj", "{74BF90A8-6E92-4DB2-8104-D5B06BD56E01}"
EndProject
Project("{FAE04EC0-301F-11D3-BF4B-00C04F79EFBC}") = "MetodosCsharp05", "MetodosCsharp05\MetodosCsharp05.csproj", "{257D7476-B8C9-4EAE-9324-4364E6CA7668}"
EndProject
Project("{FAE04EC0-301F-11D3-BF4B-00C04F79EFBC}") = "MetodosCsharp06", "MetodosCsharp06\MetodosCsharp06.csproj", "{3BFBF898-157D-427C-8D99-39A665C26481}"
EndProject
Global
	GlobalSection(SolutionConfigurationPlatforms) = preSolution
		Debug|Any CPU = Debug|Any CPU
		Release|Any CPU = Release|Any CPU
	EndGlobalSection
	GlobalSection(ProjectConfigurationPlatforms) = postSolution
		{C6332E75-0E9A-4D64-B54A-9C2B6AEC6B2B}.Debug|Any CPU.ActiveCfg = Debug|Any CPU
		{C6332E75-0E9A-4D64-B54A-9C2B6AEC6B2B}.Debug|Any CPU.Build.0 = Debug|Any CPU
		{C6332E75-0E9A-4D64-B54A-9C2B6AEC6B2B}.Release|Any CPU.ActiveCfg = Release|Any CPU
		{C6332E75-0E9A-4D64-B54A-9C2B6AEC6B2B}.Release|Any CPU.Build.0 = Release|Any CPU
		{ED95C032-723C-4616-A74F-7D8D1A8CFD26}.Debug|Any CPU.ActiveCfg = Debug|Any CPU
		{ED95C032-723C-4616-A74F-7D8D1A8CFD26}.Debug|Any CPU.Build.0 = Debug|Any CPU
		{ED95C032-723C-4616-A74F-7D8D1A8CFD26}.Release|Any CPU.ActiveCfg = Release|Any CPU
		{ED95C032-723C-4616-A74F-7D8D1A8CFD26}.Release|Any CPU.Build.0 = Release|Any CPU
		{FC9CBE08-4CB5-46F0-8111-64AA317427A3}.Debug|Any CPU.ActiveCfg = Debug|Any CPU
		{FC9CBE08-4CB5-46F0-8111-64AA317427A3}.Debug|Any CPU.Build.0 = Debug|Any CPU
		{FC9CBE08-4CB5-46F0-8111-64AA317427A3}.Release|Any CPU.ActiveCfg = Release|Any CPU
		{FC9CBE08-4CB5-46F0-8111-64AA317427A3}.Release|Any CPU.Build.0 = Release|Any CPU
		{74BF90A8-6E92-4DB2-8104-D5B06BD56E01}.Debug|Any CPU.ActiveCfg = Debug|Any CPU
		{74BF90A8-6E92-4DB2-8104-D5B06BD56E01}.Debug|Any CPU.Build.0 = Debug|Any CPU
		{74BF90A8-6E92-4DB2-8104-D5B06BD56E01}.Release|Any CPU.ActiveCfg = Release|Any CPU
		{74BF90A8-6E92-4DB2-8104-D5B06BD56E01}.Release|Any CPU.Build.0 = Release|Any CPU
		{257D7476-B8C9-4EAE-9324-4364E6CA7668}.Debug|Any CPU.ActiveCfg = Debug|Any CPU
		{257D7476-B8C9-4EAE-9324-4364E6CA7668}.Debug|Any CPU.Build.0 = Debug|Any CPU
		{257D7476-B8C9-4EAE-9324-4364E6CA7668}.Release|Any CPU.ActiveCfg = Release|Any CPU
		{257D7476-B8C9-4EAE-9324-4364E6CA7668}.Release|Any CPU.Build.0 = Release|Any CPU
		{3BFBF898-157D-427C-8D99-39A665C26481}.Debug|Any CPU.ActiveCfg = Debug|Any CPU
		{3BFBF898-157D-427C-8D99-39A665C26481}.Debug|Any CPU.Build.0 = Debug|Any CPU
		{3BFBF898-157D-427C-8D99-39A665C26481}.Release|Any CPU.ActiveCfg = Release|Any CPU
		{3BFBF898-157D-427C-8D99-39A665C26481}.Release|Any CPU.Build.0 = Release|Any CPU
	EndGlobalSection
	GlobalSection(SolutionProperties) = preSolution
		HideSolutionNode = FALSE
	EndGlobalSection
	GlobalSection(ExtensibilityGlobals) = postSolution
		SolutionGuid = {354FD651-F440-44C8-A3C4-A69F9EC22E99}
	EndGlobalSection
EndGlobal
